
Microsoft Visual Studio Solution File, Format Version 12.00
Project("{2150E333-8FDC-42A3-9474-1A3956D46DE8}") = "Server", "Server", "{1C839D9D-9237-4DB1-9C2F-E5EE2867B638}"
EndProject
Project("{FAE04EC0-301F-11D3-BF4B-00C04F79EFBC}") = "Entities", "server\Entities\Entities.csproj", "{3437912C-C150-41B8-8985-846F07DC3013}"
EndProject
Project("{FAE04EC0-301F-11D3-BF4B-00C04F79EFBC}") = "RepositoryContracts", "server\RepositoryContracts\RepositoryContracts.csproj", "{E4474B41-32BA-43AB-BA3F-F73F4AA09C15}"
EndProject
Project("{FAE04EC0-301F-11D3-BF4B-00C04F79EFBC}") = "InMemoryRepositories", "server\InMemoryRepositories\InMemoryRepositories.csproj", "{53808F04-8626-44C0-88B1-F9C7C80CA953}"
EndProject
Project("{FAE04EC0-301F-11D3-BF4B-00C04F79EFBC}") = "CLI", "server\CLI\CLI.csproj", "{FD3E2528-373B-4C81-9D83-230082D43B25}"
EndProject
Project("{FAE04EC0-301F-11D3-BF4B-00C04F79EFBC}") = "FileRepositories", "server\FileRepositories\FileRepositories.csproj", "{3256FAC3-EEEC-4107-9389-D0CBE12401C9}"
EndProject
Project("{2150E333-8FDC-42A3-9474-1A3956D46DE8}") = "Shared", "Shared", "{1BAD2CC2-3045-4D23-ABFE-C33467559FA2}"
EndProject
Project("{FAE04EC0-301F-11D3-BF4B-00C04F79EFBC}") = "ApiContracts", "shared\ApiContracts\ApiContracts.csproj", "{411505C4-070A-4D95-8CFA-98AC76332357}"
EndProject
Project("{FAE04EC0-301F-11D3-BF4B-00C04F79EFBC}") = "WebAPI", "server\WebAPI\WebAPI.csproj", "{917455EE-28B8-446E-A303-681B57EF7872}"
EndProject
Project("{2150E333-8FDC-42A3-9474-1A3956D46DE8}") = "Client", "Client", "{99E7661F-83DD-4C1F-B1A1-F9C1AA11D005}"
EndProject
Project("{FAE04EC0-301F-11D3-BF4B-00C04F79EFBC}") = "BlazorApp", "client\BlazorApp\BlazorApp.csproj", "{FCDE6C9C-29CF-4D22-94A4-3D20AA944593}"
EndProject
Project("{FAE04EC0-301F-11D3-BF4B-00C04F79EFBC}") = "EfcRepositories", "server\EfcRepositories\EfcRepositories.csproj", "{F3F200BA-5C31-404F-B29F-E158B98435F1}"
EndProject
Global
	GlobalSection(SolutionConfigurationPlatforms) = preSolution
		Debug|Any CPU = Debug|Any CPU
		Release|Any CPU = Release|Any CPU
	EndGlobalSection
	GlobalSection(NestedProjects) = preSolution
		{3437912C-C150-41B8-8985-846F07DC3013} = {1C839D9D-9237-4DB1-9C2F-E5EE2867B638}
										{E4474B41-32BA-43AB-BA3F-F73F4AA09C15} = {1C839D9D-9237-4DB1-9C2F-E5EE2867B638}
										{53808F04-8626-44C0-88B1-F9C7C80CA953} = {1C839D9D-9237-4DB1-9C2F-E5EE2867B638}
										{FD3E2528-373B-4C81-9D83-230082D43B25} = {1C839D9D-9237-4DB1-9C2F-E5EE2867B638}
		{FD3E2528-373B-4C81-9D83-230082D43B25} = {1C839D9D-9237-4DB1-9C2F-E5EE2867B638}
		{3256FAC3-EEEC-4107-9389-D0CBE12401C9} = {1C839D9D-9237-4DB1-9C2F-E5EE2867B638}
		{411505C4-070A-4D95-8CFA-98AC76332357} = {1BAD2CC2-3045-4D23-ABFE-C33467559FA2}
		{917455EE-28B8-446E-A303-681B57EF7872} = {1C839D9D-9237-4DB1-9C2F-E5EE2867B638}
		{FCDE6C9C-29CF-4D22-94A4-3D20AA944593} = {99E7661F-83DD-4C1F-B1A1-F9C1AA11D005}
		{F3F200BA-5C31-404F-B29F-E158B98435F1} = {1C839D9D-9237-4DB1-9C2F-E5EE2867B638}
	EndGlobalSection
	GlobalSection(ProjectConfigurationPlatforms) = postSolution
		{3437912C-C150-41B8-8985-846F07DC3013}.Debug|Any CPU.ActiveCfg = Debug|Any CPU
		{3437912C-C150-41B8-8985-846F07DC3013}.Debug|Any CPU.Build.0 = Debug|Any CPU
		{3437912C-C150-41B8-8985-846F07DC3013}.Release|Any CPU.ActiveCfg = Release|Any CPU
		{3437912C-C150-41B8-8985-846F07DC3013}.Release|Any CPU.Build.0 = Release|Any CPU
		{E4474B41-32BA-43AB-BA3F-F73F4AA09C15}.Debug|Any CPU.ActiveCfg = Debug|Any CPU
		{E4474B41-32BA-43AB-BA3F-F73F4AA09C15}.Debug|Any CPU.Build.0 = Debug|Any CPU
		{E4474B41-32BA-43AB-BA3F-F73F4AA09C15}.Release|Any CPU.ActiveCfg = Release|Any CPU
		{E4474B41-32BA-43AB-BA3F-F73F4AA09C15}.Release|Any CPU.Build.0 = Release|Any CPU
		{53808F04-8626-44C0-88B1-F9C7C80CA953}.Debug|Any CPU.ActiveCfg = Debug|Any CPU
		{53808F04-8626-44C0-88B1-F9C7C80CA953}.Debug|Any CPU.Build.0 = Debug|Any CPU
		{53808F04-8626-44C0-88B1-F9C7C80CA953}.Release|Any CPU.ActiveCfg = Release|Any CPU
		{53808F04-8626-44C0-88B1-F9C7C80CA953}.Release|Any CPU.Build.0 = Release|Any CPU
		{FD3E2528-373B-4C81-9D83-230082D43B25}.Debug|Any CPU.ActiveCfg = Debug|Any CPU
		{FD3E2528-373B-4C81-9D83-230082D43B25}.Debug|Any CPU.Build.0 = Debug|Any CPU
		{FD3E2528-373B-4C81-9D83-230082D43B25}.Release|Any CPU.ActiveCfg = Release|Any CPU
		{FD3E2528-373B-4C81-9D83-230082D43B25}.Release|Any CPU.Build.0 = Release|Any CPU
		{3256FAC3-EEEC-4107-9389-D0CBE12401C9}.Debug|Any CPU.ActiveCfg = Debug|Any CPU
		{3256FAC3-EEEC-4107-9389-D0CBE12401C9}.Debug|Any CPU.Build.0 = Debug|Any CPU
		{3256FAC3-EEEC-4107-9389-D0CBE12401C9}.Release|Any CPU.ActiveCfg = Release|Any CPU
		{3256FAC3-EEEC-4107-9389-D0CBE12401C9}.Release|Any CPU.Build.0 = Release|Any CPU
		{411505C4-070A-4D95-8CFA-98AC76332357}.Debug|Any CPU.ActiveCfg = Debug|Any CPU
		{411505C4-070A-4D95-8CFA-98AC76332357}.Debug|Any CPU.Build.0 = Debug|Any CPU
		{411505C4-070A-4D95-8CFA-98AC76332357}.Release|Any CPU.ActiveCfg = Release|Any CPU
		{411505C4-070A-4D95-8CFA-98AC76332357}.Release|Any CPU.Build.0 = Release|Any CPU
		{917455EE-28B8-446E-A303-681B57EF7872}.Debug|Any CPU.ActiveCfg = Debug|Any CPU
		{917455EE-28B8-446E-A303-681B57EF7872}.Debug|Any CPU.Build.0 = Debug|Any CPU
		{917455EE-28B8-446E-A303-681B57EF7872}.Release|Any CPU.ActiveCfg = Release|Any CPU
		{917455EE-28B8-446E-A303-681B57EF7872}.Release|Any CPU.Build.0 = Release|Any CPU
		{FCDE6C9C-29CF-4D22-94A4-3D20AA944593}.Debug|Any CPU.ActiveCfg = Debug|Any CPU
		{FCDE6C9C-29CF-4D22-94A4-3D20AA944593}.Debug|Any CPU.Build.0 = Debug|Any CPU
		{FCDE6C9C-29CF-4D22-94A4-3D20AA944593}.Release|Any CPU.ActiveCfg = Release|Any CPU
		{FCDE6C9C-29CF-4D22-94A4-3D20AA944593}.Release|Any CPU.Build.0 = Release|Any CPU
		{F3F200BA-5C31-404F-B29F-E158B98435F1}.Debug|Any CPU.ActiveCfg = Debug|Any CPU
		{F3F200BA-5C31-404F-B29F-E158B98435F1}.Debug|Any CPU.Build.0 = Debug|Any CPU
		{F3F200BA-5C31-404F-B29F-E158B98435F1}.Release|Any CPU.ActiveCfg = Release|Any CPU
		{F3F200BA-5C31-404F-B29F-E158B98435F1}.Release|Any CPU.Build.0 = Release|Any CPU
	EndGlobalSection
EndGlobal
