
Microsoft Visual Studio Solution File, Format Version 12.00
Project("{2150E333-8FDC-42A3-9474-1A3956D46DE8}") = "Lecture1", "Lecture1", "{ADE9320B-777B-488F-A8E6-61576BB991CE}"
EndProject
Project("{FAE04EC0-301F-11D3-BF4B-00C04F79EFBC}") = "GithubTest", "GithubTest\GithubTest.csproj", "{0B35E4CB-492C-49C4-8C1D-4E28115F7BAA}"
EndProject
Global
	GlobalSection(SolutionConfigurationPlatforms) = preSolution
		Debug|Any CPU = Debug|Any CPU
		Release|Any CPU = Release|Any CPU
	EndGlobalSection
	GlobalSection(NestedProjects) = preSolution
		{0B35E4CB-492C-49C4-8C1D-4E28115F7BAA} = {ADE9320B-777B-488F-A8E6-61576BB991CE}
	EndGlobalSection
	GlobalSection(ProjectConfigurationPlatforms) = postSolution
		{0B35E4CB-492C-49C4-8C1D-4E28115F7BAA}.Debug|Any CPU.ActiveCfg = Debug|Any CPU
		{0B35E4CB-492C-49C4-8C1D-4E28115F7BAA}.Debug|Any CPU.Build.0 = Debug|Any CPU
		{0B35E4CB-492C-49C4-8C1D-4E28115F7BAA}.Release|Any CPU.ActiveCfg = Release|Any CPU
		{0B35E4CB-492C-49C4-8C1D-4E28115F7BAA}.Release|Any CPU.Build.0 = Release|Any CPU
	EndGlobalSection
EndGlobal
