
Microsoft Visual Studio Solution File, Format Version 12.00
Project("{2150E333-8FDC-42A3-9474-1A3956D46DE8}") = "Shared", "Shared", "{87D836CA-F535-4985-BC26-F3A6B2639BD2}"
EndProject
Project("{FAE04EC0-301F-11D3-BF4B-00C04F79EFBC}") = "Shared", "Shared\Shared.csproj", "{52D5DBC7-75B8-441C-B4D4-B74296F0F432}"
EndProject
Project("{FAE04EC0-301F-11D3-BF4B-00C04F79EFBC}") = "Entities", "Entities\Entities.csproj", "{B9A1F83B-F779-4012-99EB-D69CB913EC3E}"
EndProject
Project("{FAE04EC0-301F-11D3-BF4B-00C04F79EFBC}") = "InMemoryRepositoriesArchieved", "InMemoryRepositoriesArchieved\InMemoryRepositoriesArchieved.csproj", "{761B5099-8355-4148-B61D-91EFA3C830EC}"
EndProject
Project("{FAE04EC0-301F-11D3-BF4B-00C04F79EFBC}") = "CLI", "CLI\CLI.csproj", "{B76116C1-D7E3-420F-9612-2449819F58A4}"
EndProject
Project("{FAE04EC0-301F-11D3-BF4B-00C04F79EFBC}") = "RepositoryContracts", "RepositoryContracts\RepositoryContracts.csproj", "{5F6405AE-FE84-4153-B211-E62F00F95FFB}"
EndProject
Project("{FAE04EC0-301F-11D3-BF4B-00C04F79EFBC}") = "FileRepositories", "FileRepositories\FileRepositories.csproj", "{6B706B45-6412-4354-A9B3-6AF2DBFC902C}"
EndProject
Project("{2150E333-8FDC-42A3-9474-1A3956D46DE8}") = "Server", "Server", "{CC8678B6-3325-4196-84CC-B9FF48635D5B}"
EndProject
Project("{FAE04EC0-301F-11D3-BF4B-00C04F79EFBC}") = "ApiContracts", "Shared\ApiContracts\ApiContracts.csproj", "{414D5B87-C266-4975-8734-758D391A4950}"
EndProject
Project("{FAE04EC0-301F-11D3-BF4B-00C04F79EFBC}") = "WebAPI", "Server\WebAPI\WebAPI.csproj", "{D87AB4FA-5C04-4569-81BD-8C845F55F643}"
EndProject
Global
	GlobalSection(SolutionConfigurationPlatforms) = preSolution
		Debug|Any CPU = Debug|Any CPU
		Release|Any CPU = Release|Any CPU
	EndGlobalSection
	GlobalSection(NestedProjects) = preSolution
		{52D5DBC7-75B8-441C-B4D4-B74296F0F432} = {87D836CA-F535-4985-BC26-F3A6B2639BD2}
		{B76116C1-D7E3-420F-9612-2449819F58A4} = {CC8678B6-3325-4196-84CC-B9FF48635D5B}
		{B9A1F83B-F779-4012-99EB-D69CB913EC3E} = {CC8678B6-3325-4196-84CC-B9FF48635D5B}
		{6B706B45-6412-4354-A9B3-6AF2DBFC902C} = {CC8678B6-3325-4196-84CC-B9FF48635D5B}
		{761B5099-8355-4148-B61D-91EFA3C830EC} = {CC8678B6-3325-4196-84CC-B9FF48635D5B}
		{5F6405AE-FE84-4153-B211-E62F00F95FFB} = {CC8678B6-3325-4196-84CC-B9FF48635D5B}
		{414D5B87-C266-4975-8734-758D391A4950} = {87D836CA-F535-4985-BC26-F3A6B2639BD2}
		{D87AB4FA-5C04-4569-81BD-8C845F55F643} = {CC8678B6-3325-4196-84CC-B9FF48635D5B}
	EndGlobalSection
	GlobalSection(ProjectConfigurationPlatforms) = postSolution
		{52D5DBC7-75B8-441C-B4D4-B74296F0F432}.Debug|Any CPU.ActiveCfg = Debug|Any CPU
		{52D5DBC7-75B8-441C-B4D4-B74296F0F432}.Debug|Any CPU.Build.0 = Debug|Any CPU
		{52D5DBC7-75B8-441C-B4D4-B74296F0F432}.Release|Any CPU.ActiveCfg = Release|Any CPU
		{52D5DBC7-75B8-441C-B4D4-B74296F0F432}.Release|Any CPU.Build.0 = Release|Any CPU
		{B9A1F83B-F779-4012-99EB-D69CB913EC3E}.Debug|Any CPU.ActiveCfg = Debug|Any CPU
		{B9A1F83B-F779-4012-99EB-D69CB913EC3E}.Debug|Any CPU.Build.0 = Debug|Any CPU
		{B9A1F83B-F779-4012-99EB-D69CB913EC3E}.Release|Any CPU.ActiveCfg = Release|Any CPU
		{B9A1F83B-F779-4012-99EB-D69CB913EC3E}.Release|Any CPU.Build.0 = Release|Any CPU
		{761B5099-8355-4148-B61D-91EFA3C830EC}.Debug|Any CPU.ActiveCfg = Debug|Any CPU
		{761B5099-8355-4148-B61D-91EFA3C830EC}.Debug|Any CPU.Build.0 = Debug|Any CPU
		{761B5099-8355-4148-B61D-91EFA3C830EC}.Release|Any CPU.ActiveCfg = Release|Any CPU
		{761B5099-8355-4148-B61D-91EFA3C830EC}.Release|Any CPU.Build.0 = Release|Any CPU
		{B76116C1-D7E3-420F-9612-2449819F58A4}.Debug|Any CPU.ActiveCfg = Debug|Any CPU
		{B76116C1-D7E3-420F-9612-2449819F58A4}.Debug|Any CPU.Build.0 = Debug|Any CPU
		{B76116C1-D7E3-420F-9612-2449819F58A4}.Release|Any CPU.ActiveCfg = Release|Any CPU
		{B76116C1-D7E3-420F-9612-2449819F58A4}.Release|Any CPU.Build.0 = Release|Any CPU
		{5F6405AE-FE84-4153-B211-E62F00F95FFB}.Debug|Any CPU.ActiveCfg = Debug|Any CPU
		{5F6405AE-FE84-4153-B211-E62F00F95FFB}.Debug|Any CPU.Build.0 = Debug|Any CPU
		{5F6405AE-FE84-4153-B211-E62F00F95FFB}.Release|Any CPU.ActiveCfg = Release|Any CPU
		{5F6405AE-FE84-4153-B211-E62F00F95FFB}.Release|Any CPU.Build.0 = Release|Any CPU
		{6B706B45-6412-4354-A9B3-6AF2DBFC902C}.Debug|Any CPU.ActiveCfg = Debug|Any CPU
		{6B706B45-6412-4354-A9B3-6AF2DBFC902C}.Debug|Any CPU.Build.0 = Debug|Any CPU
		{6B706B45-6412-4354-A9B3-6AF2DBFC902C}.Release|Any CPU.ActiveCfg = Release|Any CPU
		{6B706B45-6412-4354-A9B3-6AF2DBFC902C}.Release|Any CPU.Build.0 = Release|Any CPU
		{414D5B87-C266-4975-8734-758D391A4950}.Debug|Any CPU.ActiveCfg = Debug|Any CPU
		{414D5B87-C266-4975-8734-758D391A4950}.Debug|Any CPU.Build.0 = Debug|Any CPU
		{414D5B87-C266-4975-8734-758D391A4950}.Release|Any CPU.ActiveCfg = Release|Any CPU
		{414D5B87-C266-4975-8734-758D391A4950}.Release|Any CPU.Build.0 = Release|Any CPU
		{D87AB4FA-5C04-4569-81BD-8C845F55F643}.Debug|Any CPU.ActiveCfg = Debug|Any CPU
		{D87AB4FA-5C04-4569-81BD-8C845F55F643}.Debug|Any CPU.Build.0 = Debug|Any CPU
		{D87AB4FA-5C04-4569-81BD-8C845F55F643}.Release|Any CPU.ActiveCfg = Release|Any CPU
		{D87AB4FA-5C04-4569-81BD-8C845F55F643}.Release|Any CPU.Build.0 = Release|Any CPU
	EndGlobalSection
EndGlobal
